
Microsoft Visual Studio Solution File, Format Version 12.00
# Visual Studio 15
VisualStudioVersion = 15.0.28307.168
MinimumVisualStudioVersion = 10.0.40219.1
Project("{FAE04EC0-301F-11D3-BF4B-00C04F79EFBC}") = "SQL Server Benchmarking REST API", "SQL Server Benchmarking REST API\SQL Server Benchmarking REST API.csproj", "{273ADB12-AB7B-4D59-8DE2-CB52940B01EE}"
EndProject
Global
	GlobalSection(SolutionConfigurationPlatforms) = preSolution
		Debug|Any CPU = Debug|Any CPU
		Release|Any CPU = Release|Any CPU
	EndGlobalSection
	GlobalSection(ProjectConfigurationPlatforms) = postSolution
		{273ADB12-AB7B-4D59-8DE2-CB52940B01EE}.Debug|Any CPU.ActiveCfg = Debug|Any CPU
		{273ADB12-AB7B-4D59-8DE2-CB52940B01EE}.Debug|Any CPU.Build.0 = Debug|Any CPU
		{273ADB12-AB7B-4D59-8DE2-CB52940B01EE}.Release|Any CPU.ActiveCfg = Release|Any CPU
		{273ADB12-AB7B-4D59-8DE2-CB52940B01EE}.Release|Any CPU.Build.0 = Release|Any CPU
	EndGlobalSection
	GlobalSection(SolutionProperties) = preSolution
		HideSolutionNode = FALSE
	EndGlobalSection
	GlobalSection(ExtensibilityGlobals) = postSolution
		SolutionGuid = {7A5F5C4A-87AA-4CA2-8D81-0C20271B88ED}
	EndGlobalSection
EndGlobal
